<?xml version="1.0" encoding="utf-8"?>
<Project ToolsVersion="4.0" xmlns="http://schemas.microsoft.com/developer/msbuild/2003">
  <ItemGroup>
    <Filter Include="Source Files">
      <UniqueIdentifier>{b05f5f93-bd09-4e5f-b353-90ac8e92ddf1}</UniqueIdentifier>
      <Extensions>cpp;c;cxx;rc;def;r;odl;idl;hpj;bat</Extensions>
    </Filter>
    <Filter Include="Header Files">
      <UniqueIdentifier>{03b0e196-7180-4ab3-87f7-3d1f18471672}</UniqueIdentifier>
      <Extensions>h;hpp;hxx;hm;inl</Extensions>
    </Filter>
    <Filter Include="Resource Files">
      <UniqueIdentifier>{d43d8831-4829-4e1a-84fc-8d379c648348}</UniqueIdentifier>
      <Extensions>ico;cur;bmp;dlg;rc2;rct;bin;rgs;gif;jpg;jpeg;jpe</Extensions>
    </Filter>
  </ItemGroup>
  <ItemGroup>
    <ClCompile Include="AddProxyARPDlg.cpp">
      <Filter>Source Files</Filter>
    </ClCompile>
    <ClCompile Include="AddRoutingTableDlg.cpp">
      <Filter>Source Files</Filter>
    </ClCompile>
    <ClCompile Include="ARPCache.cpp">
      <Filter>Source Files</Filter>
    </ClCompile>
    <ClCompile Include="ARPmodule.cpp">
      <Filter>Source Files</Filter>
    </ClCompile>
    <ClCompile Include="BaseLayer.cpp">
      <Filter>Source Files</Filter>
    </ClCompile>
    <ClCompile Include="EthernetLayer.cpp">
      <Filter>Source Files</Filter>
    </ClCompile>
    <ClCompile Include="IPLayer.cpp">
      <Filter>Source Files</Filter>
    </ClCompile>
    <ClCompile Include="LayerManager.cpp">
      <Filter>Source Files</Filter>
    </ClCompile>
    <ClCompile Include="NILayer.cpp">
      <Filter>Source Files</Filter>
    </ClCompile>
    <ClCompile Include="RoutingTable.cpp">
      <Filter>Source Files</Filter>
    </ClCompile>
    <ClCompile Include="StaticRouter.cpp">
      <Filter>Source Files</Filter>
    </ClCompile>
    <ClCompile Include="StaticRouterDlg.cpp">
      <Filter>Source Files</Filter>
    </ClCompile>
    <ClCompile Include="StdAfx.cpp">
      <Filter>Source Files</Filter>
    </ClCompile>
  </ItemGroup>
  <ItemGroup>
    <ResourceCompile Include="StaticRouter.rc">
      <Filter>Source Files</Filter>
    </ResourceCompile>
  </ItemGroup>
  <ItemGroup>
    <ClInclude Include="AddProxyARPDlg.h">
      <Filter>Header Files</Filter>
    </ClInclude>
    <ClInclude Include="AddRoutingTableDlg.h">
      <Filter>Header Files</Filter>
    </ClInclude>
    <ClInclude Include="ARPCache.h">
      <Filter>Header Files</Filter>
    </ClInclude>
    <ClInclude Include="ARPmodule.h">
      <Filter>Header Files</Filter>
    </ClInclude>
    <ClInclude Include="BaseLayer.h">
      <Filter>Header Files</Filter>
    </ClInclude>
    <ClInclude Include="EthernetLayer.h">
      <Filter>Header Files</Filter>
    </ClInclude>
    <ClInclude Include="IPLayer.h">
      <Filter>Header Files</Filter>
    </ClInclude>
    <ClInclude Include="LayerManager.h">
      <Filter>Header Files</Filter>
    </ClInclude>
    <ClInclude Include="NILayer.h">
      <Filter>Header Files</Filter>
    </ClInclude>
    <ClInclude Include="Resource.h">
      <Filter>Header Files</Filter>
    </ClInclude>
    <ClInclude Include="RoutingTable.h">
      <Filter>Header Files</Filter>
    </ClInclude>
    <ClInclude Include="StaticRouter.h">
      <Filter>Header Files</Filter>
    </ClInclude>
    <ClInclude Include="StaticRouterDlg.h">
      <Filter>Header Files</Filter>
    </ClInclude>
    <ClInclude Include="StdAfx.h">
      <Filter>Header Files</Filter>
    </ClInclude>
  </ItemGroup>
  <ItemGroup>
    <CustomBuild Include="res\StaticRouter.ico">
      <Filter>Resource Files</Filter>
    </CustomBuild>
    <CustomBuild Include="res\StaticRouter.rc2">
      <Filter>Resource Files</Filter>
    </CustomBuild>
    <CustomBuild Include="ReadMe.txt" />
  </ItemGroup>
</Project>